
Microsoft Visual Studio Solution File, Format Version 12.00
# Visual Studio Version 16
VisualStudioVersion = 16.0.30907.101
MinimumVisualStudioVersion = 10.0.40219.1
Project("{FAE04EC0-301F-11D3-BF4B-00C04F79EFBC}") = "Assignment2Revised", "Assignment2Revised\Assignment2Revised.csproj", "{C9C9F956-564A-4304-A9CA-94E1C4330DA1}"
EndProject
Global
	GlobalSection(SolutionConfigurationPlatforms) = preSolution
		Debug|Any CPU = Debug|Any CPU
		Release|Any CPU = Release|Any CPU
	EndGlobalSection
	GlobalSection(ProjectConfigurationPlatforms) = postSolution
		{C9C9F956-564A-4304-A9CA-94E1C4330DA1}.Debug|Any CPU.ActiveCfg = Debug|Any CPU
		{C9C9F956-564A-4304-A9CA-94E1C4330DA1}.Debug|Any CPU.Build.0 = Debug|Any CPU
		{C9C9F956-564A-4304-A9CA-94E1C4330DA1}.Release|Any CPU.ActiveCfg = Release|Any CPU
		{C9C9F956-564A-4304-A9CA-94E1C4330DA1}.Release|Any CPU.Build.0 = Release|Any CPU
	EndGlobalSection
	GlobalSection(SolutionProperties) = preSolution
		HideSolutionNode = FALSE
	EndGlobalSection
	GlobalSection(ExtensibilityGlobals) = postSolution
		SolutionGuid = {FB0B08DD-A310-4B1D-8536-0C269D7CEE68}
	EndGlobalSection
EndGlobal
